<?xml version="1.0" encoding="UTF-8"?>
<!DOCTYPE plist PUBLIC "-//Apple//DTD PLIST 1.0//EN" "http://www.apple.com/DTDs/PropertyList-1.0.dtd">
<plist version="1.0">
<dict>
	<key>archiveVersion</key>
	<string>1</string>
	<key>classes</key>
	<dict/>
	<key>objectVersion</key>
	<string>60</string>
	<key>objects</key>
	<dict>
		<key>16EEAF57BAFC2A41CAB7C99A</key>
		<dict>
			<key>buildConfigurationList</key>
			<string>234E6F310150B4E179D017F0</string>
			<key>compatibilityVersion</key>
			<string>Xcode 14.0</string>
			<key>developmentRegion</key>
			<string>es</string>
			<key>isa</key>
			<string>PBXProject</string>
			<key>knownRegions</key>
			<array>
				<string>es</string>
				<string>en</string>
			</array>
			<key>mainGroup</key>
			<string>77E7E78B05578758626744DC</string>
			<key>packageReferences</key>
			<array>
				<string>6E778BD20EB20EC966352F37</string>
			</array>
			<key>productRefGroup</key>
			<string>7162250E0FAA4FDEE70FDEA1</string>
			<key>projectDirPath</key>
			<string></string>
			<key>projectRoot</key>
			<string></string>
			<key>targets</key>
			<array>
				<string>AA16061E7815CA19A57C9DB8</string>
			</array>
		</dict>
		<key>234E6F310150B4E179D017F0</key>
		<dict>
			<key>buildConfigurations</key>
			<array>
				<string>9399D7B00B09465008AA6B91</string>
				<string>A703241CFF86CB3EF3123F02</string>
			</array>
			<key>defaultConfigurationIsVisible</key>
			<integer>0</integer>
			<key>defaultConfigurationName</key>
			<string>Release</string>
			<key>isa</key>
			<string>XCConfigurationList</string>
		</dict>
		<key>4A27B29D91B9AFBED5201D7D</key>
		<dict>
			<key>isa</key>
			<string>PBXBuildFile</string>
			<key>productRef</key>
			<string>92ED52DADA39FB200AB2F2C3</string>
		</dict>
		<key>4C601C08AEF4B73D6FCD3BB9</key>
		<dict>
			<key>buildSettings</key>
			<dict>
				<key>CLANG_ENABLE_MODULES</key>
				<string>YES</string>
				<key>CODE_SIGN_ENTITLEMENTS</key>
				<string>App/Resources/EditorFinal.entitlements</string>
				<key>CODE_SIGN_IDENTITY</key>
				<string>-</string>
				<key>CODE_SIGN_STYLE</key>
				<string>Manual</string>
				<key>ENABLE_APP_SANDBOX</key>
				<string>YES</string>
				<key>ENABLE_HARDENED_RUNTIME</key>
				<string>YES</string>
				<key>INFOPLIST_FILE</key>
				<string>App/Resources/Info.plist</string>
				<key>LD_RUNPATH_SEARCH_PATHS</key>
				<string>$(inherited) @executable_path/../Frameworks</string>
				<key>MACOSX_DEPLOYMENT_TARGET</key>
				<string>26.0</string>
				<key>PRODUCT_BUNDLE_IDENTIFIER</key>
				<string>com.hiram.EditorFinal</string>
				<key>PRODUCT_NAME</key>
				<string>$(TARGET_NAME)</string>
				<key>SDKROOT</key>
				<string>macosx</string>
				<key>SWIFT_OPTIMIZATION_LEVEL</key>
				<string>-O</string>
				<key>SWIFT_STRICT_CONCURRENCY</key>
				<string>complete</string>
				<key>SWIFT_VERSION</key>
				<string>6.0</string>
			</dict>
			<key>isa</key>
			<string>XCBuildConfiguration</string>
			<key>name</key>
			<string>Release</string>
		</dict>
		<key>6E778BD20EB20EC966352F37</key>
		<dict>
			<key>isa</key>
			<string>XCLocalSwiftPackageReference</string>
			<key>relativePath</key>
			<string>Packages/EditorModules</string>
		</dict>
		<key>7162250E0FAA4FDEE70FDEA1</key>
		<dict>
			<key>children</key>
			<array>
				<string>964BD5656C7A016EF0C9ADA7</string>
			</array>
			<key>isa</key>
			<string>PBXGroup</string>
			<key>name</key>
			<string>Products</string>
			<key>sourceTree</key>
			<string>&lt;group&gt;</string>
		</dict>
		<key>74A269442A8CCE85B767802F</key>
		<dict>
			<key>fileRef</key>
			<string>E9AE0ED784FA4B84AE7B592F</string>
			<key>isa</key>
			<string>PBXBuildFile</string>
		</dict>
		<key>77E7E78B05578758626744DC</key>
		<dict>
			<key>children</key>
			<array>
				<string>E9AE0ED784FA4B84AE7B592F</string>
				<string>84A1ADBEE1321BC20135C0D8</string>
				<string>7162250E0FAA4FDEE70FDEA1</string>
			</array>
			<key>isa</key>
			<string>PBXGroup</string>
			<key>sourceTree</key>
			<string>&lt;group&gt;</string>
		</dict>
		<key>84A1ADBEE1321BC20135C0D8</key>
		<dict>
			<key>isa</key>
			<string>PBXFileReference</string>
			<key>lastKnownFileType</key>
			<string>folder</string>
			<key>path</key>
			<string>App/Resources</string>
			<key>sourceTree</key>
			<string>&lt;group&gt;</string>
		</dict>
		<key>92ED52DADA39FB200AB2F2C3</key>
		<dict>
			<key>isa</key>
			<string>XCSwiftPackageProductDependency</string>
			<key>productName</key>
			<string>DocumentKit</string>
		</dict>
		<key>9399D7B00B09465008AA6B91</key>
		<dict>
			<key>buildSettings</key>
			<dict>
				<key>CLANG_ENABLE_MODULES</key>
				<string>YES</string>
				<key>MACOSX_DEPLOYMENT_TARGET</key>
				<string>26.0</string>
				<key>SDKROOT</key>
				<string>macosx</string>
				<key>SWIFT_OPTIMIZATION_LEVEL</key>
				<string>-Onone</string>
				<key>SWIFT_STRICT_CONCURRENCY</key>
				<string>complete</string>
				<key>SWIFT_VERSION</key>
				<string>6.0</string>
			</dict>
			<key>isa</key>
			<string>XCBuildConfiguration</string>
			<key>name</key>
			<string>Debug</string>
		</dict>
		<key>964BD5656C7A016EF0C9ADA7</key>
		<dict>
			<key>explicitFileType</key>
			<string>wrapper.application</string>
			<key>isa</key>
			<string>PBXFileReference</string>
			<key>path</key>
			<string>EditorFinal.app</string>
			<key>sourceTree</key>
			<string>BUILT_PRODUCTS_DIR</string>
		</dict>
		<key>968AE785D675073DACF6AE0A</key>
		<dict>
			<key>buildActionMask</key>
			<integer>2147483647</integer>
			<key>files</key>
			<array>
				<string>C8D778E235C4B0F29862B5DB</string>
				<string>4A27B29D91B9AFBED5201D7D</string>
			</array>
			<key>isa</key>
			<string>PBXFrameworksBuildPhase</string>
			<key>runOnlyForDeploymentPostprocessing</key>
			<integer>0</integer>
		</dict>
		<key>9D57875196C613785A1EEE01</key>
		<dict>
			<key>isa</key>
			<string>XCSwiftPackageProductDependency</string>
			<key>productName</key>
			<string>EditorUI</string>
		</dict>
		<key>A703241CFF86CB3EF3123F02</key>
		<dict>
			<key>buildSettings</key>
			<dict>
				<key>CLANG_ENABLE_MODULES</key>
				<string>YES</string>
				<key>MACOSX_DEPLOYMENT_TARGET</key>
				<string>26.0</string>
				<key>SDKROOT</key>
				<string>macosx</string>
				<key>SWIFT_OPTIMIZATION_LEVEL</key>
				<string>-O</string>
				<key>SWIFT_STRICT_CONCURRENCY</key>
				<string>complete</string>
				<key>SWIFT_VERSION</key>
				<string>6.0</string>
			</dict>
			<key>isa</key>
			<string>XCBuildConfiguration</string>
			<key>name</key>
			<string>Release</string>
		</dict>
		<key>AA16061E7815CA19A57C9DB8</key>
		<dict>
			<key>buildConfigurationList</key>
			<string>F98F78AD057CCE6D8FD2A547</string>
			<key>buildPhases</key>
			<array>
				<string>CBE1FEED5CD18DD4A4CCC0A6</string>
				<string>968AE785D675073DACF6AE0A</string>
				<string>DB0F30F5BDF8F66201D913FE</string>
			</array>
			<key>buildRules</key>
			<array/>
			<key>dependencies</key>
			<array/>
			<key>isa</key>
			<string>PBXNativeTarget</string>
			<key>name</key>
			<string>EditorFinal</string>
			<key>packageProductDependencies</key>
			<array>
				<string>9D57875196C613785A1EEE01</string>
				<string>92ED52DADA39FB200AB2F2C3</string>
			</array>
			<key>productName</key>
			<string>EditorFinal</string>
			<key>productReference</key>
			<string>964BD5656C7A016EF0C9ADA7</string>
			<key>productType</key>
			<string>com.apple.product-type.application</string>
		</dict>
		<key>C8D778E235C4B0F29862B5DB</key>
		<dict>
			<key>isa</key>
			<string>PBXBuildFile</string>
			<key>productRef</key>
			<string>9D57875196C613785A1EEE01</string>
		</dict>
		<key>CBE1FEED5CD18DD4A4CCC0A6</key>
		<dict>
			<key>buildActionMask</key>
			<integer>2147483647</integer>
			<key>files</key>
			<array>
				<string>74A269442A8CCE85B767802F</string>
			</array>
			<key>isa</key>
			<string>PBXSourcesBuildPhase</string>
			<key>runOnlyForDeploymentPostprocessing</key>
			<integer>0</integer>
		</dict>
		<key>DB0F30F5BDF8F66201D913FE</key>
		<dict>
			<key>buildActionMask</key>
			<integer>2147483647</integer>
			<key>files</key>
			<array/>
			<key>isa</key>
			<string>PBXResourcesBuildPhase</string>
			<key>runOnlyForDeploymentPostprocessing</key>
			<integer>0</integer>
		</dict>
		<key>E7574E2951F8A93971E9C8BE</key>
		<dict>
			<key>buildSettings</key>
			<dict>
				<key>CLANG_ENABLE_MODULES</key>
				<string>YES</string>
				<key>CODE_SIGN_ENTITLEMENTS</key>
				<string>App/Resources/EditorFinal.entitlements</string>
				<key>CODE_SIGN_IDENTITY</key>
				<string>-</string>
				<key>CODE_SIGN_STYLE</key>
				<string>Manual</string>
				<key>ENABLE_APP_SANDBOX</key>
				<string>YES</string>
				<key>ENABLE_HARDENED_RUNTIME</key>
				<string>YES</string>
				<key>INFOPLIST_FILE</key>
				<string>App/Resources/Info.plist</string>
				<key>LD_RUNPATH_SEARCH_PATHS</key>
				<string>$(inherited) @executable_path/../Frameworks</string>
				<key>MACOSX_DEPLOYMENT_TARGET</key>
				<string>26.0</string>
				<key>PRODUCT_BUNDLE_IDENTIFIER</key>
				<string>com.hiram.EditorFinal</string>
				<key>PRODUCT_NAME</key>
				<string>$(TARGET_NAME)</string>
				<key>SDKROOT</key>
				<string>macosx</string>
				<key>SWIFT_OPTIMIZATION_LEVEL</key>
				<string>-Onone</string>
				<key>SWIFT_STRICT_CONCURRENCY</key>
				<string>complete</string>
				<key>SWIFT_VERSION</key>
				<string>6.0</string>
			</dict>
			<key>isa</key>
			<string>XCBuildConfiguration</string>
			<key>name</key>
			<string>Debug</string>
		</dict>
		<key>E9AE0ED784FA4B84AE7B592F</key>
		<dict>
			<key>isa</key>
			<string>PBXFileReference</string>
			<key>lastKnownFileType</key>
			<string>sourcecode.swift</string>
			<key>path</key>
			<string>App/EditorApp.swift</string>
			<key>sourceTree</key>
			<string>&lt;group&gt;</string>
		</dict>
		<key>F98F78AD057CCE6D8FD2A547</key>
		<dict>
			<key>buildConfigurations</key>
			<array>
				<string>E7574E2951F8A93971E9C8BE</string>
				<string>4C601C08AEF4B73D6FCD3BB9</string>
			</array>
			<key>defaultConfigurationIsVisible</key>
			<integer>0</integer>
			<key>defaultConfigurationName</key>
			<string>Release</string>
			<key>isa</key>
			<string>XCConfigurationList</string>
		</dict>
	</dict>
	<key>rootObject</key>
	<string>16EEAF57BAFC2A41CAB7C99A</string>
</dict>
</plist>
